<?xml version="1.0" encoding="utf-8"?>
<Project ToolsVersion="4.0" xmlns="http://schemas.microsoft.com/developer/msbuild/2003">
  <ItemGroup>
    <Filter Include="Source Files">
      <UniqueIdentifier>{4FC737F1-C7A5-4376-A066-2A32D752A2FF}</UniqueIdentifier>
      <Extensions>cpp;c;cc;cxx;c++;cppm;ixx;def;odl;idl;hpj;bat;asm;asmx</Extensions>
    </Filter>
    <Filter Include="Header Files">
      <UniqueIdentifier>{93995380-89BD-4b04-88EB-625FBE52EBFB}</UniqueIdentifier>
      <Extensions>h;hh;hpp;hxx;h++;hm;inl;inc;ipp;xsd</Extensions>
    </Filter>
    <Filter Include="Resource Files">
      <UniqueIdentifier>{67DA6AB6-F800-4c08-8B7A-83BB121AAD01}</UniqueIdentifier>
      <Extensions>rc;ico;cur;bmp;dlg;rc2;rct;bin;rgs;gif;jpg;jpeg;jpe;resx;tiff;tif;png;wav;mfcribbon-ms</Extensions>
    </Filter>
    <Filter Include="Header Files\Scales">
      <UniqueIdentifier>{4bab2df5-7195-4108-bfe5-bedba879f259}</UniqueIdentifier>
    </Filter>
    <Filter Include="Header Files\Enums">
      <UniqueIdentifier>{5c886a8a-7c64-40d5-a23b-c870de2f16b1}</UniqueIdentifier>
    </Filter>
    <Filter Include="Source Files\Scales">
      <UniqueIdentifier>{80aeb68e-46b5-409f-bb29-7899a660dd5d}</UniqueIdentifier>
    </Filter>
    <Filter Include="Source Files\Enums">
      <UniqueIdentifier>{3c7cbb29-625e-4c12-9d45-5ffeb5fabe3e}</UniqueIdentifier>
    </Filter>
  </ItemGroup>
  <ItemGroup>
    <ClCompile Include="main.cpp">
      <Filter>Source Files</Filter>
    </ClCompile>
    <ClCompile Include="Object.cpp">
      <Filter>Source Files</Filter>
    </ClCompile>
    <ClCompile Include="Note.cpp">
      <Filter>Source Files</Filter>
    </ClCompile>
    <ClCompile Include="Scale.cpp">
      <Filter>Source Files</Filter>
    </ClCompile>
    <ClCompile Include="Weight.cpp">
      <Filter>Source Files\Enums</Filter>
    </ClCompile>
    <ClCompile Include="Step.cpp">
      <Filter>Source Files\Enums</Filter>
    </ClCompile>
    <ClCompile Include="ChromaticScale.cpp">
      <Filter>Source Files\Enums</Filter>
    </ClCompile>
    <ClCompile Include="scales\HarmonicMinorScale.cpp">
      <Filter>Source Files\Scales</Filter>
    </ClCompile>
    <ClCompile Include="scales\MajorScale.cpp">
      <Filter>Source Files\Scales</Filter>
    </ClCompile>
    <ClCompile Include="scales\MelodicMinorScale.cpp">
      <Filter>Source Files\Scales</Filter>
    </ClCompile>
    <ClCompile Include="scales\NaturalMinorScale.cpp">
      <Filter>Source Files\Scales</Filter>
    </ClCompile>
    <ClCompile Include="scales\PentatonicMajorScale.cpp">
      <Filter>Source Files\Scales</Filter>
    </ClCompile>
    <ClCompile Include="scales\PentatonicMinorScale.cpp">
      <Filter>Source Files\Scales</Filter>
    </ClCompile>
  </ItemGroup>
  <ItemGroup>
    <ClInclude Include="Object.h">
      <Filter>Header Files</Filter>
    </ClInclude>
    <ClInclude Include="Note.h">
      <Filter>Header Files</Filter>
    </ClInclude>
    <ClInclude Include="Scale.h">
      <Filter>Header Files</Filter>
    </ClInclude>
    <ClInclude Include="scales\HarmonicMinorScale.h">
      <Filter>Header Files\Scales</Filter>
    </ClInclude>
    <ClInclude Include="scales\MelodicMinorScale.h">
      <Filter>Header Files\Scales</Filter>
    </ClInclude>
    <ClInclude Include="scales\NaturalMinorScale.h">
      <Filter>Header Files\Scales</Filter>
    </ClInclude>
    <ClInclude Include="scales\PentatonicMinorScale.h">
      <Filter>Header Files\Scales</Filter>
    </ClInclude>
    <ClInclude Include="scales\MajorScale.h">
      <Filter>Header Files\Scales</Filter>
    </ClInclude>
    <ClInclude Include="scales\PentatonicMajorScale.h">
      <Filter>Header Files\Scales</Filter>
    </ClInclude>
    <ClInclude Include="Weight.h">
      <Filter>Header Files\Enums</Filter>
    </ClInclude>
    <ClInclude Include="Step.h">
      <Filter>Header Files\Enums</Filter>
    </ClInclude>
    <ClInclude Include="ChromaticScale.h">
      <Filter>Header Files\Enums</Filter>
    </ClInclude>
  </ItemGroup>
</Project>