<?xml version="1.0" encoding="utf-8"?>
<Project ToolsVersion="4.0" xmlns="http://schemas.microsoft.com/developer/msbuild/2003">
  <ItemGroup>
    <ClCompile Include="main.cpp" />
    <ClCompile Include="src\Scale.cpp">
      <Filter>src</Filter>
    </ClCompile>
    <ClCompile Include="src\Music.cpp">
      <Filter>src</Filter>
    </ClCompile>
    <ClCompile Include="src\Note.cpp">
      <Filter>src</Filter>
    </ClCompile>
    <ClCompile Include="src\Object.cpp">
      <Filter>src</Filter>
    </ClCompile>
    <ClCompile Include="src\Position.cpp">
      <Filter>src</Filter>
    </ClCompile>
    <ClCompile Include="src\scales\HarmonicMinorScale.cpp">
      <Filter>src\Scales</Filter>
    </ClCompile>
    <ClCompile Include="src\scales\MelodicMinorScale.cpp">
      <Filter>src\Scales</Filter>
    </ClCompile>
    <ClCompile Include="src\scales\NaturalMinorScale.cpp">
      <Filter>src\Scales</Filter>
    </ClCompile>
    <ClCompile Include="src\scales\MajorScale.cpp">
      <Filter>src\Scales</Filter>
    </ClCompile>
    <ClCompile Include="src\scales\PentatonicMajorScale.cpp">
      <Filter>src\Scales</Filter>
    </ClCompile>
    <ClCompile Include="src\scales\PentatonicMinorScale.cpp">
      <Filter>src\Scales</Filter>
    </ClCompile>
  </ItemGroup>
  <ItemGroup>
    <ClInclude Include="src\Music.h">
      <Filter>headers</Filter>
    </ClInclude>
    <ClInclude Include="src\Note.h">
      <Filter>headers</Filter>
    </ClInclude>
    <ClInclude Include="src\Object.h">
      <Filter>headers</Filter>
    </ClInclude>
    <ClInclude Include="src\Position.h">
      <Filter>headers</Filter>
    </ClInclude>
    <ClInclude Include="src\Scale.h">
      <Filter>headers</Filter>
    </ClInclude>
    <ClInclude Include="src\scales\HarmonicMinorScale.h">
      <Filter>headers\scales</Filter>
    </ClInclude>
    <ClInclude Include="src\scales\MajorScale.h">
      <Filter>headers\scales</Filter>
    </ClInclude>
    <ClInclude Include="src\scales\MelodicMinorScale.h">
      <Filter>headers\scales</Filter>
    </ClInclude>
    <ClInclude Include="src\scales\NaturalMinorScale.h">
      <Filter>headers\scales</Filter>
    </ClInclude>
    <ClInclude Include="src\scales\PentatonicMajorScale.h">
      <Filter>headers\scales</Filter>
    </ClInclude>
    <ClInclude Include="src\scales\PentatonicMinorScale.h">
      <Filter>headers\scales</Filter>
    </ClInclude>
  </ItemGroup>
  <ItemGroup>
    <Filter Include="headers">
      <UniqueIdentifier>{f40517f3-8455-4772-8cf2-8ddb97de3b1c}</UniqueIdentifier>
    </Filter>
    <Filter Include="src">
      <UniqueIdentifier>{22b8b7c6-eea2-4006-88c5-fd4819fe35dc}</UniqueIdentifier>
    </Filter>
    <Filter Include="src\Scales">
      <UniqueIdentifier>{f00c9547-8e5b-481d-9cbb-3b591ce3b5fc}</UniqueIdentifier>
    </Filter>
    <Filter Include="headers\scales">
      <UniqueIdentifier>{009d59e4-449a-4ff8-bbbf-d4398211ad37}</UniqueIdentifier>
    </Filter>
  </ItemGroup>
</Project>